lockfileVersion: '6.0'

importers:

  .:
    dependencies:
      solid-js:
        specifier: ^1.6.9
        version: 1.6.9

packages:

  /csstype@3.1.2:
    resolution: {integrity: sha512-I7K1Uu0MBPzaFKg4nI5Q7Vs2t+3gWWW648spaF+Rg7pI9ds18Ugn+lvg4SHczUdKlHI5LWBXyqfS8+DufyBsgQ==}
    dev: false

  /solid-js@1.6.9:
    resolution: {integrity: sha512-kV3fMmm+1C2J95c8eDOPKGfZHnuAkHUBLG4hX1Xu08bXeAIPqmxuz/QdH3B8SIdTp3EatBVIyA6RCes3hrGzpg==}
    dependencies:
      csstype: 3.1.2
    dev: false
